// !$*UTF8*$!
{
	archiveVersion = 1;
	classes = {
	};
	objectVersion = 46;
	objects = {

/* Begin PBXBuildFile section */
		773243881B9718080016315B /* main.m in Sources */ = {isa = PBXBuildFile; fileRef = 773243871B9718080016315B /* main.m */; };
		7732438B1B9718080016315B /* AppDelegate.m in Sources */ = {isa = PBXBuildFile; fileRef = 7732438A1B9718080016315B /* AppDelegate.m */; };
		7732438E1B9718080016315B /* ViewController.m in Sources */ = {isa = PBXBuildFile; fileRef = 7732438D1B9718080016315B /* ViewController.m */; };
		773243911B9718080016315B /* Main.storyboard in Resources */ = {isa = PBXBuildFile; fileRef = 7732438F1B9718080016315B /* Main.storyboard */; };
		773243931B9718080016315B /* Images.xcassets in Resources */ = {isa = PBXBuildFile; fileRef = 773243921B9718080016315B /* Images.xcassets */; };
		773243961B9718080016315B /* LaunchScreen.xib in Resources */ = {isa = PBXBuildFile; fileRef = 773243941B9718080016315B /* LaunchScreen.xib */; };
		773243A21B9718080016315B /* BCAutoLayoutViewTests.m in Sources */ = {isa = PBXBuildFile; fileRef = 773243A11B9718080016315B /* BCAutoLayoutViewTests.m */; };
		773243AE1B9718710016315B /* BCAutoLayoutView.m in Sources */ = {isa = PBXBuildFile; fileRef = 773243AD1B9718710016315B /* BCAutoLayoutView.m */; };
/* End PBXBuildFile section */

/* Begin PBXContainerItemProxy section */
		7732439C1B9718080016315B /* PBXContainerItemProxy */ = {
			isa = PBXContainerItemProxy;
			containerPortal = 7732437A1B9718070016315B /* Project object */;
			proxyType = 1;
			remoteGlobalIDString = 773243811B9718080016315B;
			remoteInfo = BCAutoLayoutView;
		};
/* End PBXContainerItemProxy section */

/* Begin PBXFileReference section */
		773243821B9718080016315B /* BCAutoLayoutView.app */ = {isa = PBXFileReference; explicitFileType = wrapper.application; includeInIndex = 0; path = BCAutoLayoutView.app; sourceTree = BUILT_PRODUCTS_DIR; };
		773243861B9718080016315B /* Info.plist */ = {isa = PBXFileReference; lastKnownFileType = text.plist.xml; path = Info.plist; sourceTree = "<group>"; };
		773243871B9718080016315B /* main.m */ = {isa = PBXFileReference; lastKnownFileType = sourcecode.c.objc; path = main.m; sourceTree = "<group>"; };
		773243891B9718080016315B /* AppDelegate.h */ = {isa = PBXFileReference; lastKnownFileType = sourcecode.c.h; path = AppDelegate.h; sourceTree = "<group>"; };
		7732438A1B9718080016315B /* AppDelegate.m */ = {isa = PBXFileReference; lastKnownFileType = sourcecode.c.objc; path = AppDelegate.m; sourceTree = "<group>"; };
		7732438C1B9718080016315B /* ViewController.h */ = {isa = PBXFileReference; lastKnownFileType = sourcecode.c.h; path = ViewController.h; sourceTree = "<group>"; };
		7732438D1B9718080016315B /* ViewController.m */ = {isa = PBXFileReference; lastKnownFileType = sourcecode.c.objc; path = ViewController.m; sourceTree = "<group>"; };
		773243901B9718080016315B /* Base */ = {isa = PBXFileReference; lastKnownFileType = file.storyboard; name = Base; path = Base.lproj/Main.storyboard; sourceTree = "<group>"; };
		773243921B9718080016315B /* Images.xcassets */ = {isa = PBXFileReference; lastKnownFileType = folder.assetcatalog; path = Images.xcassets; sourceTree = "<group>"; };
		773243951B9718080016315B /* Base */ = {isa = PBXFileReference; lastKnownFileType = file.xib; name = Base; path = Base.lproj/LaunchScreen.xib; sourceTree = "<group>"; };
		7732439B1B9718080016315B /* BCAutoLayoutViewTests.xctest */ = {isa = PBXFileReference; explicitFileType = wrapper.cfbundle; includeInIndex = 0; path = BCAutoLayoutViewTests.xctest; sourceTree = BUILT_PRODUCTS_DIR; };
		773243A01B9718080016315B /* Info.plist */ = {isa = PBXFileReference; lastKnownFileType = text.plist.xml; path = Info.plist; sourceTree = "<group>"; };
		773243A11B9718080016315B /* BCAutoLayoutViewTests.m */ = {isa = PBXFileReference; lastKnownFileType = sourcecode.c.objc; path = BCAutoLayoutViewTests.m; sourceTree = "<group>"; };
		773243AC1B9718710016315B /* BCAutoLayoutView.h */ = {isa = PBXFileReference; fileEncoding = 4; lastKnownFileType = sourcecode.c.h; path = BCAutoLayoutView.h; sourceTree = "<group>"; };
		773243AD1B9718710016315B /* BCAutoLayoutView.m */ = {isa = PBXFileReference; fileEncoding = 4; lastKnownFileType = sourcecode.c.objc; path = BCAutoLayoutView.m; sourceTree = "<group>"; };
/* End PBXFileReference section */

/* Begin PBXFrameworksBuildPhase section */
		7732437F1B9718080016315B /* Frameworks */ = {
			isa = PBXFrameworksBuildPhase;
			buildActionMask = 2147483647;
			files = (
			);
			runOnlyForDeploymentPostprocessing = 0;
		};
		773243981B9718080016315B /* Frameworks */ = {
			isa = PBXFrameworksBuildPhase;
			buildActionMask = 2147483647;
			files = (
			);
			runOnlyForDeploymentPostprocessing = 0;
		};
/* End PBXFrameworksBuildPhase section */

/* Begin PBXGroup section */
		773243791B9718070016315B = {
			isa = PBXGroup;
			children = (
				773243841B9718080016315B /* BCAutoLayoutView */,
				7732439E1B9718080016315B /* BCAutoLayoutViewTests */,
				773243831B9718080016315B /* Products */,
			);
			sourceTree = "<group>";
		};
		773243831B9718080016315B /* Products */ = {
			isa = PBXGroup;
			children = (
				773243821B9718080016315B /* BCAutoLayoutView.app */,
				7732439B1B9718080016315B /* BCAutoLayoutViewTests.xctest */,
			);
			name = Products;
			sourceTree = "<group>";
		};
		773243841B9718080016315B /* BCAutoLayoutView */ = {
			isa = PBXGroup;
			children = (
				773243891B9718080016315B /* AppDelegate.h */,
				7732438A1B9718080016315B /* AppDelegate.m */,
				7732438C1B9718080016315B /* ViewController.h */,
				7732438D1B9718080016315B /* ViewController.m */,
				773243AB1B9718470016315B /* sources */,
				7732438F1B9718080016315B /* Main.storyboard */,
				773243921B9718080016315B /* Images.xcassets */,
				773243941B9718080016315B /* LaunchScreen.xib */,
				773243851B9718080016315B /* Supporting Files */,
			);
			path = BCAutoLayoutView;
			sourceTree = "<group>";
		};
		773243851B9718080016315B /* Supporting Files */ = {
			isa = PBXGroup;
			children = (
				773243861B9718080016315B /* Info.plist */,
				773243871B9718080016315B /* main.m */,
			);
			name = "Supporting Files";
			sourceTree = "<group>";
		};
		7732439E1B9718080016315B /* BCAutoLayoutViewTests */ = {
			isa = PBXGroup;
			children = (
				773243A11B9718080016315B /* BCAutoLayoutViewTests.m */,
				7732439F1B9718080016315B /* Supporting Files */,
			);
			path = BCAutoLayoutViewTests;
			sourceTree = "<group>";
		};
		7732439F1B9718080016315B /* Supporting Files */ = {
			isa = PBXGroup;
			children = (
				773243A01B9718080016315B /* Info.plist */,
			);
			name = "Supporting Files";
			sourceTree = "<group>";
		};
		773243AB1B9718470016315B /* sources */ = {
			isa = PBXGroup;
			children = (
				773243AC1B9718710016315B /* BCAutoLayoutView.h */,
				773243AD1B9718710016315B /* BCAutoLayoutView.m */,
			);
			path = sources;
			sourceTree = "<group>";
		};
/* End PBXGroup section */

/* Begin PBXNativeTarget section */
		773243811B9718080016315B /* BCAutoLayoutView */ = {
			isa = PBXNativeTarget;
			buildConfigurationList = 773243A51B9718080016315B /* Build configuration list for PBXNativeTarget "BCAutoLayoutView" */;
			buildPhases = (
				7732437E1B9718080016315B /* Sources */,
				7732437F1B9718080016315B /* Frameworks */,
				773243801B9718080016315B /* Resources */,
			);
			buildRules = (
			);
			dependencies = (
			);
			name = BCAutoLayoutView;
			productName = BCAutoLayoutView;
			productReference = 773243821B9718080016315B /* BCAutoLayoutView.app */;
			productType = "com.apple.product-type.application";
		};
		7732439A1B9718080016315B /* BCAutoLayoutViewTests */ = {
			isa = PBXNativeTarget;
			buildConfigurationList = 773243A81B9718080016315B /* Build configuration list for PBXNativeTarget "BCAutoLayoutViewTests" */;
			buildPhases = (
				773243971B9718080016315B /* Sources */,
				773243981B9718080016315B /* Frameworks */,
				773243991B9718080016315B /* Resources */,
			);
			buildRules = (
			);
			dependencies = (
				7732439D1B9718080016315B /* PBXTargetDependency */,
			);
			name = BCAutoLayoutViewTests;
			productName = BCAutoLayoutViewTests;
			productReference = 7732439B1B9718080016315B /* BCAutoLayoutViewTests.xctest */;
			productType = "com.apple.product-type.bundle.unit-test";
		};
/* End PBXNativeTarget section */

/* Begin PBXProject section */
		7732437A1B9718070016315B /* Project object */ = {
			isa = PBXProject;
			attributes = {
				LastUpgradeCheck = 0640;
				ORGANIZATIONNAME = hpchan;
				TargetAttributes = {
					773243811B9718080016315B = {
						CreatedOnToolsVersion = 6.4;
					};
					7732439A1B9718080016315B = {
						CreatedOnToolsVersion = 6.4;
						TestTargetID = 773243811B9718080016315B;
					};
				};
			};
			buildConfigurationList = 7732437D1B9718070016315B /* Build configuration list for PBXProject "BCAutoLayoutView" */;
			compatibilityVersion = "Xcode 3.2";
			developmentRegion = English;
			hasScannedForEncodings = 0;
			knownRegions = (
				en,
				Base,
			);
			mainGroup = 773243791B9718070016315B;
			productRefGroup = 773243831B9718080016315B /* Products */;
			projectDirPath = "";
			projectRoot = "";
			targets = (
				773243811B9718080016315B /* BCAutoLayoutView */,
				7732439A1B9718080016315B /* BCAutoLayoutViewTests */,
			);
		};
/* End PBXProject section */

/* Begin PBXResourcesBuildPhase section */
		773243801B9718080016315B /* Resources */ = {
			isa = PBXResourcesBuildPhase;
			buildActionMask = 2147483647;
			files = (
				773243911B9718080016315B /* Main.storyboard in Resources */,
				773243961B9718080016315B /* LaunchScreen.xib in Resources */,
				773243931B9718080016315B /* Images.xcassets in Resources */,
			);
			runOnlyForDeploymentPostprocessing = 0;
		};
		773243991B9718080016315B /* Resources */ = {
			isa = PBXResourcesBuildPhase;
			buildActionMask = 2147483647;
			files = (
			);
			runOnlyForDeploymentPostprocessing = 0;
		};
/* End PBXResourcesBuildPhase section */

/* Begin PBXSourcesBuildPhase section */
		7732437E1B9718080016315B /* Sources */ = {
			isa = PBXSourcesBuildPhase;
			buildActionMask = 2147483647;
			files = (
				773243AE1B9718710016315B /* BCAutoLayoutView.m in Sources */,
				7732438E1B9718080016315B /* ViewController.m in Sources */,
				7732438B1B9718080016315B /* AppDelegate.m in Sources */,
				773243881B9718080016315B /* main.m in Sources */,
			);
			runOnlyForDeploymentPostprocessing = 0;
		};
		773243971B9718080016315B /* Sources */ = {
			isa = PBXSourcesBuildPhase;
			buildActionMask = 2147483647;
			files = (
				773243A21B9718080016315B /* BCAutoLayoutViewTests.m in Sources */,
			);
			runOnlyForDeploymentPostprocessing = 0;
		};
/* End PBXSourcesBuildPhase section */

/* Begin PBXTargetDependency section */
		7732439D1B9718080016315B /* PBXTargetDependency */ = {
			isa = PBXTargetDependency;
			target = 773243811B9718080016315B /* BCAutoLayoutView */;
			targetProxy = 7732439C1B9718080016315B /* PBXContainerItemProxy */;
		};
/* End PBXTargetDependency section */

/* Begin PBXVariantGroup section */
		7732438F1B9718080016315B /* Main.storyboard */ = {
			isa = PBXVariantGroup;
			children = (
				773243901B9718080016315B /* Base */,
			);
			name = Main.storyboard;
			sourceTree = "<group>";
		};
		773243941B9718080016315B /* LaunchScreen.xib */ = {
			isa = PBXVariantGroup;
			children = (
				773243951B9718080016315B /* Base */,
			);
			name = LaunchScreen.xib;
			sourceTree = "<group>";
		};
/* End PBXVariantGroup section */

/* Begin XCBuildConfiguration section */
		773243A31B9718080016315B /* Debug */ = {
			isa = XCBuildConfiguration;
			buildSettings = {
				ALWAYS_SEARCH_USER_PATHS = NO;
				CLANG_CXX_LANGUAGE_STANDARD = "gnu++0x";
				CLANG_CXX_LIBRARY = "libc++";
				CLANG_ENABLE_MODULES = YES;
				CLANG_ENABLE_OBJC_ARC = YES;
				CLANG_WARN_BOOL_CONVERSION = YES;
				CLANG_WARN_CONSTANT_CONVERSION = YES;
				CLANG_WARN_DIRECT_OBJC_ISA_USAGE = YES_ERROR;
				CLANG_WARN_EMPTY_BODY = YES;
				CLANG_WARN_ENUM_CONVERSION = YES;
				CLANG_WARN_INT_CONVERSION = YES;
				CLANG_WARN_OBJC_ROOT_CLASS = YES_ERROR;
				CLANG_WARN_UNREACHABLE_CODE = YES;
				CLANG_WARN__DUPLICATE_METHOD_MATCH = YES;
				"CODE_SIGN_IDENTITY[sdk=iphoneos*]" = "iPhone Developer";
				COPY_PHASE_STRIP = NO;
				DEBUG_INFORMATION_FORMAT = "dwarf-with-dsym";
				ENABLE_STRICT_OBJC_MSGSEND = YES;
				GCC_C_LANGUAGE_STANDARD = gnu99;
				GCC_DYNAMIC_NO_PIC = NO;
				GCC_NO_COMMON_BLOCKS = YES;
				GCC_OPTIMIZATION_LEVEL = 0;
				GCC_PREPROCESSOR_DEFINITIONS = (
					"DEBUG=1",
					"$(inherited)",
				);
				GCC_SYMBOLS_PRIVATE_EXTERN = NO;
				GCC_WARN_64_TO_32_BIT_CONVERSION = YES;
				GCC_WARN_ABOUT_RETURN_TYPE = YES_ERROR;
				GCC_WARN_UNDECLARED_SELECTOR = YES;
				GCC_WARN_UNINITIALIZED_AUTOS = YES_AGGRESSIVE;
				GCC_WARN_UNUSED_FUNCTION = YES;
				GCC_WARN_UNUSED_VARIABLE = YES;
				IPHONEOS_DEPLOYMENT_TARGET = 8.4;
				MTL_ENABLE_DEBUG_INFO = YES;
				ONLY_ACTIVE_ARCH = YES;
				SDKROOT = iphoneos;
				TARGETED_DEVICE_FAMILY = "1,2";
			};
			name = Debug;
		};
		773243A41B9718080016315B /* Release */ = {
			isa = XCBuildConfiguration;
			buildSettings = {
				ALWAYS_SEARCH_USER_PATHS = NO;
				CLANG_CXX_LANGUAGE_STANDARD = "gnu++0x";
				CLANG_CXX_LIBRARY = "libc++";
				CLANG_ENABLE_MODULES = YES;
				CLANG_ENABLE_OBJC_ARC = YES;
				CLANG_WARN_BOOL_CONVERSION = YES;
				CLANG_WARN_CONSTANT_CONVERSION = YES;
				CLANG_WARN_DIRECT_OBJC_ISA_USAGE = YES_ERROR;
				CLANG_WARN_EMPTY_BODY = YES;
				CLANG_WARN_ENUM_CONVERSION = YES;
				CLANG_WARN_INT_CONVERSION = YES;
				CLANG_WARN_OBJC_ROOT_CLASS = YES_ERROR;
				CLANG_WARN_UNREACHABLE_CODE = YES;
				CLANG_WARN__DUPLICATE_METHOD_MATCH = YES;
				"CODE_SIGN_IDENTITY[sdk=iphoneos*]" = "iPhone Developer";
				COPY_PHASE_STRIP = NO;
				DEBUG_INFORMATION_FORMAT = "dwarf-with-dsym";
				ENABLE_NS_ASSERTIONS = NO;
				ENABLE_STRICT_OBJC_MSGSEND = YES;
				GCC_C_LANGUAGE_STANDARD = gnu99;
				GCC_NO_COMMON_BLOCKS = YES;
				GCC_WARN_64_TO_32_BIT_CONVERSION = YES;
				GCC_WARN_ABOUT_RETURN_TYPE = YES_ERROR;
				GCC_WARN_UNDECLARED_SELECTOR = YES;
				GCC_WARN_UNINITIALIZED_AUTOS = YES_AGGRESSIVE;
				GCC_WARN_UNUSED_FUNCTION = YES;
				GCC_WARN_UNUSED_VARIABLE = YES;
				IPHONEOS_DEPLOYMENT_TARGET = 8.4;
				MTL_ENABLE_DEBUG_INFO = NO;
				SDKROOT = iphoneos;
				TARGETED_DEVICE_FAMILY = "1,2";
				VALIDATE_PRODUCT = YES;
			};
			name = Release;
		};
		773243A61B9718080016315B /* Debug */ = {
			isa = XCBuildConfiguration;
			buildSettings = {
				ASSETCATALOG_COMPILER_APPICON_NAME = AppIcon;
				INFOPLIST_FILE = BCAutoLayoutView/Info.plist;
				IPHONEOS_DEPLOYMENT_TARGET = 7.1;
				LD_RUNPATH_SEARCH_PATHS = "$(inherited) @executable_path/Frameworks";
				PRODUCT_NAME = "$(TARGET_NAME)";
			};
			name = Debug;
		};
		773243A71B9718080016315B /* Release */ = {
			isa = XCBuildConfiguration;
			buildSettings = {
				ASSETCATALOG_COMPILER_APPICON_NAME = AppIcon;
				INFOPLIST_FILE = BCAutoLayoutView/Info.plist;
				IPHONEOS_DEPLOYMENT_TARGET = 7.1;
				LD_RUNPATH_SEARCH_PATHS = "$(inherited) @executable_path/Frameworks";
				PRODUCT_NAME = "$(TARGET_NAME)";
			};
			name = Release;
		};
		773243A91B9718080016315B /* Debug */ = {
			isa = XCBuildConfiguration;
			buildSettings = {
				BUNDLE_LOADER = "$(TEST_HOST)";
				FRAMEWORK_SEARCH_PATHS = (
					"$(SDKROOT)/Developer/Library/Frameworks",
					"$(inherited)",
				);
				GCC_PREPROCESSOR_DEFINITIONS = (
					"DEBUG=1",
					"$(inherited)",
				);
				INFOPLIST_FILE = BCAutoLayoutViewTests/Info.plist;
				LD_RUNPATH_SEARCH_PATHS = "$(inherited) @executable_path/Frameworks @loader_path/Frameworks";
				PRODUCT_NAME = "$(TARGET_NAME)";
				TEST_HOST = "$(BUILT_PRODUCTS_DIR)/BCAutoLayoutView.app/BCAutoLayoutView";
			};
			name = Debug;
		};
		773243AA1B9718080016315B /* Release */ = {
			isa = XCBuildConfiguration;
			buildSettings = {
				BUNDLE_LOADER = "$(TEST_HOST)";
				FRAMEWORK_SEARCH_PATHS = (
					"$(SDKROOT)/Developer/Library/Frameworks",
					"$(inherited)",
				);
				INFOPLIST_FILE = BCAutoLayoutViewTests/Info.plist;
				LD_RUNPATH_SEARCH_PATHS = "$(inherited) @executable_path/Frameworks @loader_path/Frameworks";
				PRODUCT_NAME = "$(TARGET_NAME)";
				TEST_HOST = "$(BUILT_PRODUCTS_DIR)/BCAutoLayoutView.app/BCAutoLayoutView";
			};
			name = Release;
		};
/* End XCBuildConfiguration section */

/* Begin XCConfigurationList section */
		7732437D1B9718070016315B /* Build configuration list for PBXProject "BCAutoLayoutView" */ = {
			isa = XCConfigurationList;
			buildConfigurations = (
				773243A31B9718080016315B /* Debug */,
				773243A41B9718080016315B /* Release */,
			);
			defaultConfigurationIsVisible = 0;
			defaultConfigurationName = Release;
		};
		773243A51B9718080016315B /* Build configuration list for PBXNativeTarget "BCAutoLayoutView" */ = {
			isa = XCConfigurationList;
			buildConfigurations = (
				773243A61B9718080016315B /* Debug */,
				773243A71B9718080016315B /* Release */,
			);
			defaultConfigurationIsVisible = 0;
		};
		773243A81B9718080016315B /* Build configuration list for PBXNativeTarget "BCAutoLayoutViewTests" */ = {
			isa = XCConfigurationList;
			buildConfigurations = (
				773243A91B9718080016315B /* Debug */,
				773243AA1B9718080016315B /* Release */,
			);
			defaultConfigurationIsVisible = 0;
		};
/* End XCConfigurationList section */
	};
	rootObject = 7732437A1B9718070016315B /* Project object */;
}
